Microsoft Visual Studio Solution File, Format Version 11.00
# Visual Studio 2015

Project("{8BC9CEB8-8B4A-11D0-8D11-00A0C91BC942}") = "SFZero - Shared Code", "SFZero_SharedCode.vcxproj", "{0E37D724-B291-BAF6-B230-0801528A87D8}"
EndProject
Global
	GlobalSection(SolutionConfigurationPlatforms) = preSolution
		Debug|Win32 = Debug|Win32
		Release|Win32 = Release|Win32
	EndGlobalSection
	GlobalSection(ProjectConfigurationPlatforms) = postSolution
		{0E37D724-B291-BAF6-B230-0801528A87D8}.Debug|Win32.ActiveCfg = Debug|Win32
		{0E37D724-B291-BAF6-B230-0801528A87D8}.Debug|Win32.Build.0 = Debug|Win32
		{0E37D724-B291-BAF6-B230-0801528A87D8}.Release|Win32.ActiveCfg = Release|Win32
		{0E37D724-B291-BAF6-B230-0801528A87D8}.Release|Win32.Build.0 = Release|Win32
	EndGlobalSection
	GlobalSection(SolutionProperties) = preSolution
		HideSolutionNode = FALSE
	EndGlobalSection
EndGlobal
